// !$*UTF8*$!
{
	archiveVersion = 1;
	classes = {
	};
	objectVersion = 46;
	objects = {

/* Begin PBXBuildFile section */
		5309C1211B734CAF00E90E11 /* AvatarCell.xib in Resources */ = {isa = PBXBuildFile; fileRef = 5309C1201B734CAF00E90E11 /* AvatarCell.xib */; };
		5309C1251B734DA700E90E11 /* AvatarTableViewCell.m in Sources */ = {isa = PBXBuildFile; fileRef = 5309C1241B734DA700E90E11 /* AvatarTableViewCell.m */; };
		5309C1291B734E1D00E90E11 /* UserInfoViewController.m in Sources */ = {isa = PBXBuildFile; fileRef = 5309C1281B734E1D00E90E11 /* UserInfoViewController.m */; };
		53B9B1311B734B15003618F1 /* main.m in Sources */ = {isa = PBXBuildFile; fileRef = 53B9B1301B734B15003618F1 /* main.m */; };
		53B9B1341B734B15003618F1 /* AppDelegate.m in Sources */ = {isa = PBXBuildFile; fileRef = 53B9B1331B734B15003618F1 /* AppDelegate.m */; };
		53B9B13A1B734B15003618F1 /* Main.storyboard in Resources */ = {isa = PBXBuildFile; fileRef = 53B9B1381B734B15003618F1 /* Main.storyboard */; };
		53B9B13C1B734B15003618F1 /* Images.xcassets in Resources */ = {isa = PBXBuildFile; fileRef = 53B9B13B1B734B15003618F1 /* Images.xcassets */; };
		53B9B13F1B734B15003618F1 /* LaunchScreen.xib in Resources */ = {isa = PBXBuildFile; fileRef = 53B9B13D1B734B15003618F1 /* LaunchScreen.xib */; };
		53B9B14B1B734B16003618F1 /* papapaTests.m in Sources */ = {isa = PBXBuildFile; fileRef = 53B9B14A1B734B16003618F1 /* papapaTests.m */; };
		E960F66BB58F03A86279AE86 /* libPods.a in Frameworks */ = {isa = PBXBuildFile; fileRef = C34EC85D07514078B5EF51E4 /* libPods.a */; };
/* End PBXBuildFile section */

/* Begin PBXContainerItemProxy section */
		53B9B1451B734B16003618F1 /* PBXContainerItemProxy */ = {
			isa = PBXContainerItemProxy;
			containerPortal = 53B9B1231B734B15003618F1 /* Project object */;
			proxyType = 1;
			remoteGlobalIDString = 53B9B12A1B734B15003618F1;
			remoteInfo = papapa;
		};
/* End PBXContainerItemProxy section */

/* Begin PBXFileReference section */
		5309C1201B734CAF00E90E11 /* AvatarCell.xib */ = {isa = PBXFileReference; fileEncoding = 4; lastKnownFileType = file.xib; path = AvatarCell.xib; sourceTree = "<group>"; };
		5309C1231B734DA700E90E11 /* AvatarTableViewCell.h */ = {isa = PBXFileReference; fileEncoding = 4; lastKnownFileType = sourcecode.c.h; path = AvatarTableViewCell.h; sourceTree = "<group>"; };
		5309C1241B734DA700E90E11 /* AvatarTableViewCell.m */ = {isa = PBXFileReference; fileEncoding = 4; lastKnownFileType = sourcecode.c.objc; path = AvatarTableViewCell.m; sourceTree = "<group>"; };
		5309C1271B734E1D00E90E11 /* UserInfoViewController.h */ = {isa = PBXFileReference; fileEncoding = 4; lastKnownFileType = sourcecode.c.h; path = UserInfoViewController.h; sourceTree = "<group>"; };
		5309C1281B734E1D00E90E11 /* UserInfoViewController.m */ = {isa = PBXFileReference; fileEncoding = 4; lastKnownFileType = sourcecode.c.objc; path = UserInfoViewController.m; sourceTree = "<group>"; };
		53B9B12B1B734B15003618F1 /* papapa.app */ = {isa = PBXFileReference; explicitFileType = wrapper.application; includeInIndex = 0; path = papapa.app; sourceTree = BUILT_PRODUCTS_DIR; };
		53B9B12F1B734B15003618F1 /* Info.plist */ = {isa = PBXFileReference; lastKnownFileType = text.plist.xml; path = Info.plist; sourceTree = "<group>"; };
		53B9B1301B734B15003618F1 /* main.m */ = {isa = PBXFileReference; lastKnownFileType = sourcecode.c.objc; path = main.m; sourceTree = "<group>"; };
		53B9B1321B734B15003618F1 /* AppDelegate.h */ = {isa = PBXFileReference; lastKnownFileType = sourcecode.c.h; path = AppDelegate.h; sourceTree = "<group>"; };
		53B9B1331B734B15003618F1 /* AppDelegate.m */ = {isa = PBXFileReference; lastKnownFileType = sourcecode.c.objc; path = AppDelegate.m; sourceTree = "<group>"; };
		53B9B1391B734B15003618F1 /* Base */ = {isa = PBXFileReference; lastKnownFileType = file.storyboard; name = Base; path = Base.lproj/Main.storyboard; sourceTree = "<group>"; };
		53B9B13B1B734B15003618F1 /* Images.xcassets */ = {isa = PBXFileReference; lastKnownFileType = folder.assetcatalog; path = Images.xcassets; sourceTree = "<group>"; };
		53B9B13E1B734B15003618F1 /* Base */ = {isa = PBXFileReference; lastKnownFileType = file.xib; name = Base; path = Base.lproj/LaunchScreen.xib; sourceTree = "<group>"; };
		53B9B1441B734B16003618F1 /* papapaTests.xctest */ = {isa = PBXFileReference; explicitFileType = wrapper.cfbundle; includeInIndex = 0; path = papapaTests.xctest; sourceTree = BUILT_PRODUCTS_DIR; };
		53B9B1491B734B16003618F1 /* Info.plist */ = {isa = PBXFileReference; lastKnownFileType = text.plist.xml; path = Info.plist; sourceTree = "<group>"; };
		53B9B14A1B734B16003618F1 /* papapaTests.m */ = {isa = PBXFileReference; lastKnownFileType = sourcecode.c.objc; path = papapaTests.m; sourceTree = "<group>"; };
		5DCD6C76E4E56C5687889768 /* Pods.release.xcconfig */ = {isa = PBXFileReference; includeInIndex = 1; lastKnownFileType = text.xcconfig; name = Pods.release.xcconfig; path = "Pods/Target Support Files/Pods/Pods.release.xcconfig"; sourceTree = "<group>"; };
		84F1B5BFF14F945332703555 /* Pods.debug.xcconfig */ = {isa = PBXFileReference; includeInIndex = 1; lastKnownFileType = text.xcconfig; name = Pods.debug.xcconfig; path = "Pods/Target Support Files/Pods/Pods.debug.xcconfig"; sourceTree = "<group>"; };
		C34EC85D07514078B5EF51E4 /* libPods.a */ = {isa = PBXFileReference; explicitFileType = archive.ar; includeInIndex = 0; path = libPods.a; sourceTree = BUILT_PRODUCTS_DIR; };
/* End PBXFileReference section */

/* Begin PBXFrameworksBuildPhase section */
		53B9B1281B734B15003618F1 /* Frameworks */ = {
			isa = PBXFrameworksBuildPhase;
			buildActionMask = 2147483647;
			files = (
				E960F66BB58F03A86279AE86 /* libPods.a in Frameworks */,
			);
			runOnlyForDeploymentPostprocessing = 0;
		};
		53B9B1411B734B16003618F1 /* Frameworks */ = {
			isa = PBXFrameworksBuildPhase;
			buildActionMask = 2147483647;
			files = (
			);
			runOnlyForDeploymentPostprocessing = 0;
		};
/* End PBXFrameworksBuildPhase section */

/* Begin PBXGroup section */
		5309C1221B734CCA00E90E11 /* xibs */ = {
			isa = PBXGroup;
			children = (
				5309C1201B734CAF00E90E11 /* AvatarCell.xib */,
				53B9B13D1B734B15003618F1 /* LaunchScreen.xib */,
			);
			name = xibs;
			sourceTree = "<group>";
		};
		5309C1261B734DAE00E90E11 /* classes */ = {
			isa = PBXGroup;
			children = (
				5309C1231B734DA700E90E11 /* AvatarTableViewCell.h */,
				5309C1241B734DA700E90E11 /* AvatarTableViewCell.m */,
			);
			name = classes;
			sourceTree = "<group>";
		};
		5309C12A1B734E2100E90E11 /* viewcontrollers */ = {
			isa = PBXGroup;
			children = (
				5309C1271B734E1D00E90E11 /* UserInfoViewController.h */,
				5309C1281B734E1D00E90E11 /* UserInfoViewController.m */,
			);
			name = viewcontrollers;
			sourceTree = "<group>";
		};
		53B9B1221B734B15003618F1 = {
			isa = PBXGroup;
			children = (
				53B9B12D1B734B15003618F1 /* papapa */,
				53B9B1471B734B16003618F1 /* papapaTests */,
				53B9B12C1B734B15003618F1 /* Products */,
				7548ED6AA809D8DD38D35E34 /* Pods */,
				C5D2A10A69411F79331D4BEB /* Frameworks */,
			);
			sourceTree = "<group>";
		};
		53B9B12C1B734B15003618F1 /* Products */ = {
			isa = PBXGroup;
			children = (
				53B9B12B1B734B15003618F1 /* papapa.app */,
				53B9B1441B734B16003618F1 /* papapaTests.xctest */,
			);
			name = Products;
			sourceTree = "<group>";
		};
		53B9B12D1B734B15003618F1 /* papapa */ = {
			isa = PBXGroup;
			children = (
				53B9B1321B734B15003618F1 /* AppDelegate.h */,
				53B9B1331B734B15003618F1 /* AppDelegate.m */,
				53B9B1381B734B15003618F1 /* Main.storyboard */,
				53B9B13B1B734B15003618F1 /* Images.xcassets */,
				5309C12A1B734E2100E90E11 /* viewcontrollers */,
				5309C1261B734DAE00E90E11 /* classes */,
				5309C1221B734CCA00E90E11 /* xibs */,
				53B9B12E1B734B15003618F1 /* Supporting Files */,
			);
			path = papapa;
			sourceTree = "<group>";
		};
		53B9B12E1B734B15003618F1 /* Supporting Files */ = {
			isa = PBXGroup;
			children = (
				53B9B12F1B734B15003618F1 /* Info.plist */,
				53B9B1301B734B15003618F1 /* main.m */,
			);
			name = "Supporting Files";
			sourceTree = "<group>";
		};
		53B9B1471B734B16003618F1 /* papapaTests */ = {
			isa = PBXGroup;
			children = (
				53B9B14A1B734B16003618F1 /* papapaTests.m */,
				53B9B1481B734B16003618F1 /* Supporting Files */,
			);
			path = papapaTests;
			sourceTree = "<group>";
		};
		53B9B1481B734B16003618F1 /* Supporting Files */ = {
			isa = PBXGroup;
			children = (
				53B9B1491B734B16003618F1 /* Info.plist */,
			);
			name = "Supporting Files";
			sourceTree = "<group>";
		};
		7548ED6AA809D8DD38D35E34 /* Pods */ = {
			isa = PBXGroup;
			children = (
				84F1B5BFF14F945332703555 /* Pods.debug.xcconfig */,
				5DCD6C76E4E56C5687889768 /* Pods.release.xcconfig */,
			);
			name = Pods;
			sourceTree = "<group>";
		};
		C5D2A10A69411F79331D4BEB /* Frameworks */ = {
			isa = PBXGroup;
			children = (
				C34EC85D07514078B5EF51E4 /* libPods.a */,
			);
			name = Frameworks;
			sourceTree = "<group>";
		};
/* End PBXGroup section */

/* Begin PBXNativeTarget section */
		53B9B12A1B734B15003618F1 /* papapa */ = {
			isa = PBXNativeTarget;
			buildConfigurationList = 53B9B14E1B734B16003618F1 /* Build configuration list for PBXNativeTarget "papapa" */;
			buildPhases = (
				166D343530FB9BBE41526A3A /* Check Pods Manifest.lock */,
				53B9B1271B734B15003618F1 /* Sources */,
				53B9B1281B734B15003618F1 /* Frameworks */,
				53B9B1291B734B15003618F1 /* Resources */,
				A8E87BB6AF08CA65C28A0C50 /* Copy Pods Resources */,
			);
			buildRules = (
			);
			dependencies = (
			);
			name = papapa;
			productName = papapa;
			productReference = 53B9B12B1B734B15003618F1 /* papapa.app */;
			productType = "com.apple.product-type.application";
		};
		53B9B1431B734B16003618F1 /* papapaTests */ = {
			isa = PBXNativeTarget;
			buildConfigurationList = 53B9B1511B734B16003618F1 /* Build configuration list for PBXNativeTarget "papapaTests" */;
			buildPhases = (
				53B9B1401B734B16003618F1 /* Sources */,
				53B9B1411B734B16003618F1 /* Frameworks */,
				53B9B1421B734B16003618F1 /* Resources */,
			);
			buildRules = (
			);
			dependencies = (
				53B9B1461B734B16003618F1 /* PBXTargetDependency */,
			);
			name = papapaTests;
			productName = papapaTests;
			productReference = 53B9B1441B734B16003618F1 /* papapaTests.xctest */;
			productType = "com.apple.product-type.bundle.unit-test";
		};
/* End PBXNativeTarget section */

/* Begin PBXProject section */
		53B9B1231B734B15003618F1 /* Project object */ = {
			isa = PBXProject;
			attributes = {
				LastUpgradeCheck = 0640;
				ORGANIZATIONNAME = wangzhilong;
				TargetAttributes = {
					53B9B12A1B734B15003618F1 = {
						CreatedOnToolsVersion = 6.4;
					};
					53B9B1431B734B16003618F1 = {
						CreatedOnToolsVersion = 6.4;
						TestTargetID = 53B9B12A1B734B15003618F1;
					};
				};
			};
			buildConfigurationList = 53B9B1261B734B15003618F1 /* Build configuration list for PBXProject "papapa" */;
			compatibilityVersion = "Xcode 3.2";
			developmentRegion = English;
			hasScannedForEncodings = 0;
			knownRegions = (
				en,
				Base,
			);
			mainGroup = 53B9B1221B734B15003618F1;
			productRefGroup = 53B9B12C1B734B15003618F1 /* Products */;
			projectDirPath = "";
			projectRoot = "";
			targets = (
				53B9B12A1B734B15003618F1 /* papapa */,
				53B9B1431B734B16003618F1 /* papapaTests */,
			);
		};
/* End PBXProject section */

/* Begin PBXResourcesBuildPhase section */
		53B9B1291B734B15003618F1 /* Resources */ = {
			isa = PBXResourcesBuildPhase;
			buildActionMask = 2147483647;
			files = (
				53B9B13A1B734B15003618F1 /* Main.storyboard in Resources */,
				53B9B13F1B734B15003618F1 /* LaunchScreen.xib in Resources */,
				5309C1211B734CAF00E90E11 /* AvatarCell.xib in Resources */,
				53B9B13C1B734B15003618F1 /* Images.xcassets in Resources */,
			);
			runOnlyForDeploymentPostprocessing = 0;
		};
		53B9B1421B734B16003618F1 /* Resources */ = {
			isa = PBXResourcesBuildPhase;
			buildActionMask = 2147483647;
			files = (
			);
			runOnlyForDeploymentPostprocessing = 0;
		};
/* End PBXResourcesBuildPhase section */

/* Begin PBXShellScriptBuildPhase section */
		166D343530FB9BBE41526A3A /* Check Pods Manifest.lock */ = {
			isa = PBXShellScriptBuildPhase;
			buildActionMask = 2147483647;
			files = (
			);
			inputPaths = (
			);
			name = "Check Pods Manifest.lock";
			outputPaths = (
			);
			runOnlyForDeploymentPostprocessing = 0;
			shellPath = /bin/sh;
			shellScript = "diff \"${PODS_ROOT}/../Podfile.lock\" \"${PODS_ROOT}/Manifest.lock\" > /dev/null\nif [[ $? != 0 ]] ; then\n    cat << EOM\nerror: The sandbox is not in sync with the Podfile.lock. Run 'pod install' or update your CocoaPods installation.\nEOM\n    exit 1\nfi\n";
			showEnvVarsInLog = 0;
		};
		A8E87BB6AF08CA65C28A0C50 /* Copy Pods Resources */ = {
			isa = PBXShellScriptBuildPhase;
			buildActionMask = 2147483647;
			files = (
			);
			inputPaths = (
			);
			name = "Copy Pods Resources";
			outputPaths = (
			);
			runOnlyForDeploymentPostprocessing = 0;
			shellPath = /bin/sh;
			shellScript = "\"${SRCROOT}/Pods/Target Support Files/Pods/Pods-resources.sh\"\n";
			showEnvVarsInLog = 0;
		};
/* End PBXShellScriptBuildPhase section */

/* Begin PBXSourcesBuildPhase section */
		53B9B1271B734B15003618F1 /* Sources */ = {
			isa = PBXSourcesBuildPhase;
			buildActionMask = 2147483647;
			files = (
				53B9B1341B734B15003618F1 /* AppDelegate.m in Sources */,
				5309C1291B734E1D00E90E11 /* UserInfoViewController.m in Sources */,
				5309C1251B734DA700E90E11 /* AvatarTableViewCell.m in Sources */,
				53B9B1311B734B15003618F1 /* main.m in Sources */,
			);
			runOnlyForDeploymentPostprocessing = 0;
		};
		53B9B1401B734B16003618F1 /* Sources */ = {
			isa = PBXSourcesBuildPhase;
			buildActionMask = 2147483647;
			files = (
				53B9B14B1B734B16003618F1 /* papapaTests.m in Sources */,
			);
			runOnlyForDeploymentPostprocessing = 0;
		};
/* End PBXSourcesBuildPhase section */

/* Begin PBXTargetDependency section */
		53B9B1461B734B16003618F1 /* PBXTargetDependency */ = {
			isa = PBXTargetDependency;
			target = 53B9B12A1B734B15003618F1 /* papapa */;
			targetProxy = 53B9B1451B734B16003618F1 /* PBXContainerItemProxy */;
		};
/* End PBXTargetDependency section */

/* Begin PBXVariantGroup section */
		53B9B1381B734B15003618F1 /* Main.storyboard */ = {
			isa = PBXVariantGroup;
			children = (
				53B9B1391B734B15003618F1 /* Base */,
			);
			name = Main.storyboard;
			sourceTree = "<group>";
		};
		53B9B13D1B734B15003618F1 /* LaunchScreen.xib */ = {
			isa = PBXVariantGroup;
			children = (
				53B9B13E1B734B15003618F1 /* Base */,
			);
			name = LaunchScreen.xib;
			sourceTree = "<group>";
		};
/* End PBXVariantGroup section */

/* Begin XCBuildConfiguration section */
		53B9B14C1B734B16003618F1 /* Debug */ = {
			isa = XCBuildConfiguration;
			buildSettings = {
				ALWAYS_SEARCH_USER_PATHS = NO;
				CLANG_CXX_LANGUAGE_STANDARD = "gnu++0x";
				CLANG_CXX_LIBRARY = "libc++";
				CLANG_ENABLE_MODULES = YES;
				CLANG_ENABLE_OBJC_ARC = YES;
				CLANG_WARN_BOOL_CONVERSION = YES;
				CLANG_WARN_CONSTANT_CONVERSION = YES;
				CLANG_WARN_DIRECT_OBJC_ISA_USAGE = YES_ERROR;
				CLANG_WARN_EMPTY_BODY = YES;
				CLANG_WARN_ENUM_CONVERSION = YES;
				CLANG_WARN_INT_CONVERSION = YES;
				CLANG_WARN_OBJC_ROOT_CLASS = YES_ERROR;
				CLANG_WARN_UNREACHABLE_CODE = YES;
				CLANG_WARN__DUPLICATE_METHOD_MATCH = YES;
				"CODE_SIGN_IDENTITY[sdk=iphoneos*]" = "iPhone Developer";
				COPY_PHASE_STRIP = NO;
				DEBUG_INFORMATION_FORMAT = "dwarf-with-dsym";
				ENABLE_STRICT_OBJC_MSGSEND = YES;
				GCC_C_LANGUAGE_STANDARD = gnu99;
				GCC_DYNAMIC_NO_PIC = NO;
				GCC_NO_COMMON_BLOCKS = YES;
				GCC_OPTIMIZATION_LEVEL = 0;
				GCC_PREPROCESSOR_DEFINITIONS = (
					"DEBUG=1",
					"$(inherited)",
				);
				GCC_SYMBOLS_PRIVATE_EXTERN = NO;
				GCC_WARN_64_TO_32_BIT_CONVERSION = YES;
				GCC_WARN_ABOUT_RETURN_TYPE = YES_ERROR;
				GCC_WARN_UNDECLARED_SELECTOR = YES;
				GCC_WARN_UNINITIALIZED_AUTOS = YES_AGGRESSIVE;
				GCC_WARN_UNUSED_FUNCTION = YES;
				GCC_WARN_UNUSED_VARIABLE = YES;
				IPHONEOS_DEPLOYMENT_TARGET = 8.4;
				MTL_ENABLE_DEBUG_INFO = YES;
				ONLY_ACTIVE_ARCH = YES;
				SDKROOT = iphoneos;
			};
			name = Debug;
		};
		53B9B14D1B734B16003618F1 /* Release */ = {
			isa = XCBuildConfiguration;
			buildSettings = {
				ALWAYS_SEARCH_USER_PATHS = NO;
				CLANG_CXX_LANGUAGE_STANDARD = "gnu++0x";
				CLANG_CXX_LIBRARY = "libc++";
				CLANG_ENABLE_MODULES = YES;
				CLANG_ENABLE_OBJC_ARC = YES;
				CLANG_WARN_BOOL_CONVERSION = YES;
				CLANG_WARN_CONSTANT_CONVERSION = YES;
				CLANG_WARN_DIRECT_OBJC_ISA_USAGE = YES_ERROR;
				CLANG_WARN_EMPTY_BODY = YES;
				CLANG_WARN_ENUM_CONVERSION = YES;
				CLANG_WARN_INT_CONVERSION = YES;
				CLANG_WARN_OBJC_ROOT_CLASS = YES_ERROR;
				CLANG_WARN_UNREACHABLE_CODE = YES;
				CLANG_WARN__DUPLICATE_METHOD_MATCH = YES;
				"CODE_SIGN_IDENTITY[sdk=iphoneos*]" = "iPhone Developer";
				COPY_PHASE_STRIP = NO;
				DEBUG_INFORMATION_FORMAT = "dwarf-with-dsym";
				ENABLE_NS_ASSERTIONS = NO;
				ENABLE_STRICT_OBJC_MSGSEND = YES;
				GCC_C_LANGUAGE_STANDARD = gnu99;
				GCC_NO_COMMON_BLOCKS = YES;
				GCC_WARN_64_TO_32_BIT_CONVERSION = YES;
				GCC_WARN_ABOUT_RETURN_TYPE = YES_ERROR;
				GCC_WARN_UNDECLARED_SELECTOR = YES;
				GCC_WARN_UNINITIALIZED_AUTOS = YES_AGGRESSIVE;
				GCC_WARN_UNUSED_FUNCTION = YES;
				GCC_WARN_UNUSED_VARIABLE = YES;
				IPHONEOS_DEPLOYMENT_TARGET = 8.4;
				MTL_ENABLE_DEBUG_INFO = NO;
				SDKROOT = iphoneos;
				VALIDATE_PRODUCT = YES;
			};
			name = Release;
		};
		53B9B14F1B734B16003618F1 /* Debug */ = {
			isa = XCBuildConfiguration;
			baseConfigurationReference = 84F1B5BFF14F945332703555 /* Pods.debug.xcconfig */;
			buildSettings = {
				ASSETCATALOG_COMPILER_APPICON_NAME = AppIcon;
				INFOPLIST_FILE = papapa/Info.plist;
				LD_RUNPATH_SEARCH_PATHS = "$(inherited) @executable_path/Frameworks";
				PRODUCT_NAME = "$(TARGET_NAME)";
			};
			name = Debug;
		};
		53B9B1501B734B16003618F1 /* Release */ = {
			isa = XCBuildConfiguration;
			baseConfigurationReference = 5DCD6C76E4E56C5687889768 /* Pods.release.xcconfig */;
			buildSettings = {
				ASSETCATALOG_COMPILER_APPICON_NAME = AppIcon;
				INFOPLIST_FILE = papapa/Info.plist;
				LD_RUNPATH_SEARCH_PATHS = "$(inherited) @executable_path/Frameworks";
				PRODUCT_NAME = "$(TARGET_NAME)";
			};
			name = Release;
		};
		53B9B1521B734B16003618F1 /* Debug */ = {
			isa = XCBuildConfiguration;
			buildSettings = {
				BUNDLE_LOADER = "$(TEST_HOST)";
				FRAMEWORK_SEARCH_PATHS = (
					"$(SDKROOT)/Developer/Library/Frameworks",
					"$(inherited)",
				);
				GCC_PREPROCESSOR_DEFINITIONS = (
					"DEBUG=1",
					"$(inherited)",
				);
				INFOPLIST_FILE = papapaTests/Info.plist;
				LD_RUNPATH_SEARCH_PATHS = "$(inherited) @executable_path/Frameworks @loader_path/Frameworks";
				PRODUCT_NAME = "$(TARGET_NAME)";
				TEST_HOST = "$(BUILT_PRODUCTS_DIR)/papapa.app/papapa";
			};
			name = Debug;
		};
		53B9B1531B734B16003618F1 /* Release */ = {
			isa = XCBuildConfiguration;
			buildSettings = {
				BUNDLE_LOADER = "$(TEST_HOST)";
				FRAMEWORK_SEARCH_PATHS = (
					"$(SDKROOT)/Developer/Library/Frameworks",
					"$(inherited)",
				);
				INFOPLIST_FILE = papapaTests/Info.plist;
				LD_RUNPATH_SEARCH_PATHS = "$(inherited) @executable_path/Frameworks @loader_path/Frameworks";
				PRODUCT_NAME = "$(TARGET_NAME)";
				TEST_HOST = "$(BUILT_PRODUCTS_DIR)/papapa.app/papapa";
			};
			name = Release;
		};
/* End XCBuildConfiguration section */

/* Begin XCConfigurationList section */
		53B9B1261B734B15003618F1 /* Build configuration list for PBXProject "papapa" */ = {
			isa = XCConfigurationList;
			buildConfigurations = (
				53B9B14C1B734B16003618F1 /* Debug */,
				53B9B14D1B734B16003618F1 /* Release */,
			);
			defaultConfigurationIsVisible = 0;
			defaultConfigurationName = Release;
		};
		53B9B14E1B734B16003618F1 /* Build configuration list for PBXNativeTarget "papapa" */ = {
			isa = XCConfigurationList;
			buildConfigurations = (
				53B9B14F1B734B16003618F1 /* Debug */,
				53B9B1501B734B16003618F1 /* Release */,
			);
			defaultConfigurationIsVisible = 0;
			defaultConfigurationName = Release;
		};
		53B9B1511B734B16003618F1 /* Build configuration list for PBXNativeTarget "papapaTests" */ = {
			isa = XCConfigurationList;
			buildConfigurations = (
				53B9B1521B734B16003618F1 /* Debug */,
				53B9B1531B734B16003618F1 /* Release */,
			);
			defaultConfigurationIsVisible = 0;
			defaultConfigurationName = Release;
		};
/* End XCConfigurationList section */
	};
	rootObject = 53B9B1231B734B15003618F1 /* Project object */;
}
